
Microsoft Visual Studio Solution File, Format Version 12.00
Project("{FAE04EC0-301F-11D3-BF4B-00C04F79EFBC}") = "DotnetDocument.Tools", "src\DotnetDocument.Tools\DotnetDocument.Tools.csproj", "{29B9E303-643B-4DA8-A01C-B7D2F49322A1}"
EndProject
Project("{2150E333-8FDC-42A3-9474-1A3956D46DE8}") = "src", "src", "{3F70908C-71DC-48D1-A6A7-1D46A1481A97}"
EndProject
Project("{2150E333-8FDC-42A3-9474-1A3956D46DE8}") = "test", "test", "{5C0CC22B-6A56-4BEE-BFCF-3EC1CF6DF1D4}"
EndProject
Project("{FAE04EC0-301F-11D3-BF4B-00C04F79EFBC}") = "DotnetDocument.Tools.Tests", "test\DotnetDocument.Tools.Tests\DotnetDocument.Tools.Tests.csproj", "{E5201557-757B-4C6E-B88C-EF0E273F77FA}"
EndProject
Project("{FAE04EC0-301F-11D3-BF4B-00C04F79EFBC}") = "DotnetDocument", "src\DotnetDocument\DotnetDocument.csproj", "{120B347D-2DEB-4983-A0C3-AEC5201EB386}"
EndProject
Project("{FAE04EC0-301F-11D3-BF4B-00C04F79EFBC}") = "DotnetDocument.Tests", "test\DotnetDocument.Tests\DotnetDocument.Tests.csproj", "{53A03382-32D2-4B80-96B6-7FFDF3936368}"
EndProject
Global
	GlobalSection(SolutionConfigurationPlatforms) = preSolution
		Debug|Any CPU = Debug|Any CPU
		Release|Any CPU = Release|Any CPU
	EndGlobalSection
	GlobalSection(ProjectConfigurationPlatforms) = postSolution
		{29B9E303-643B-4DA8-A01C-B7D2F49322A1}.Debug|Any CPU.ActiveCfg = Debug|Any CPU
		{29B9E303-643B-4DA8-A01C-B7D2F49322A1}.Debug|Any CPU.Build.0 = Debug|Any CPU
		{29B9E303-643B-4DA8-A01C-B7D2F49322A1}.Release|Any CPU.ActiveCfg = Release|Any CPU
		{29B9E303-643B-4DA8-A01C-B7D2F49322A1}.Release|Any CPU.Build.0 = Release|Any CPU
		{E5201557-757B-4C6E-B88C-EF0E273F77FA}.Debug|Any CPU.ActiveCfg = Debug|Any CPU
		{E5201557-757B-4C6E-B88C-EF0E273F77FA}.Debug|Any CPU.Build.0 = Debug|Any CPU
		{E5201557-757B-4C6E-B88C-EF0E273F77FA}.Release|Any CPU.ActiveCfg = Release|Any CPU
		{E5201557-757B-4C6E-B88C-EF0E273F77FA}.Release|Any CPU.Build.0 = Release|Any CPU
		{120B347D-2DEB-4983-A0C3-AEC5201EB386}.Debug|Any CPU.ActiveCfg = Debug|Any CPU
		{120B347D-2DEB-4983-A0C3-AEC5201EB386}.Debug|Any CPU.Build.0 = Debug|Any CPU
		{120B347D-2DEB-4983-A0C3-AEC5201EB386}.Release|Any CPU.ActiveCfg = Release|Any CPU
		{120B347D-2DEB-4983-A0C3-AEC5201EB386}.Release|Any CPU.Build.0 = Release|Any CPU
		{53A03382-32D2-4B80-96B6-7FFDF3936368}.Debug|Any CPU.ActiveCfg = Debug|Any CPU
		{53A03382-32D2-4B80-96B6-7FFDF3936368}.Debug|Any CPU.Build.0 = Debug|Any CPU
		{53A03382-32D2-4B80-96B6-7FFDF3936368}.Release|Any CPU.ActiveCfg = Release|Any CPU
		{53A03382-32D2-4B80-96B6-7FFDF3936368}.Release|Any CPU.Build.0 = Release|Any CPU
	EndGlobalSection
	GlobalSection(NestedProjects) = preSolution
		{29B9E303-643B-4DA8-A01C-B7D2F49322A1} = {3F70908C-71DC-48D1-A6A7-1D46A1481A97}
		{E5201557-757B-4C6E-B88C-EF0E273F77FA} = {5C0CC22B-6A56-4BEE-BFCF-3EC1CF6DF1D4}
		{120B347D-2DEB-4983-A0C3-AEC5201EB386} = {3F70908C-71DC-48D1-A6A7-1D46A1481A97}
		{53A03382-32D2-4B80-96B6-7FFDF3936368} = {5C0CC22B-6A56-4BEE-BFCF-3EC1CF6DF1D4}
	EndGlobalSection
EndGlobal
